
Microsoft Visual Studio Solution File, Format Version 12.00
# Visual Studio Version 17
VisualStudioVersion = 17.9.34728.123
MinimumVisualStudioVersion = 10.0.40219.1
Project("{8BC9CEB8-8B4A-11D0-8D11-00A0C91BC942}") = "ODBCDemo", "ODBCDemo\ODBCDemo.vcxproj", "{B03882E4-41D3-4892-81D0-8DEB287066A0}"
EndProject
Global
	GlobalSection(SolutionConfigurationPlatforms) = preSolution
		Debug|x64 = Debug|x64
		Debug|x86 = Debug|x86
		Release|x64 = Release|x64
		Release|x86 = Release|x86
	EndGlobalSection
	GlobalSection(ProjectConfigurationPlatforms) = postSolution
		{B03882E4-41D3-4892-81D0-8DEB287066A0}.Debug|x64.ActiveCfg = Debug|x64
		{B03882E4-41D3-4892-81D0-8DEB287066A0}.Debug|x64.Build.0 = Debug|x64
		{B03882E4-41D3-4892-81D0-8DEB287066A0}.Debug|x86.ActiveCfg = Debug|Win32
		{B03882E4-41D3-4892-81D0-8DEB287066A0}.Debug|x86.Build.0 = Debug|Win32
		{B03882E4-41D3-4892-81D0-8DEB287066A0}.Release|x64.ActiveCfg = Release|x64
		{B03882E4-41D3-4892-81D0-8DEB287066A0}.Release|x64.Build.0 = Release|x64
		{B03882E4-41D3-4892-81D0-8DEB287066A0}.Release|x86.ActiveCfg = Release|Win32
		{B03882E4-41D3-4892-81D0-8DEB287066A0}.Release|x86.Build.0 = Release|Win32
	EndGlobalSection
	GlobalSection(SolutionProperties) = preSolution
		HideSolutionNode = FALSE
	EndGlobalSection
	GlobalSection(ExtensibilityGlobals) = postSolution
		SolutionGuid = {E6C59DF8-D2B1-4EFA-81D2-DF883CB570DB}
	EndGlobalSection
EndGlobal
